
Microsoft Visual Studio Solution File, Format Version 12.00
# Visual Studio Version 17
VisualStudioVersion = 17.4.33205.214
MinimumVisualStudioVersion = 10.0.40219.1
Project("{FAE04EC0-301F-11D3-BF4B-00C04F79EFBC}") = "BookApi", "BookApi\BookApi.csproj", "{1FCABAEF-C605-4020-98E7-3604884AC882}"
EndProject
Global
	GlobalSection(SolutionConfigurationPlatforms) = preSolution
		Debug|Any CPU = Debug|Any CPU
		Release|Any CPU = Release|Any CPU
	EndGlobalSection
	GlobalSection(ProjectConfigurationPlatforms) = postSolution
		{1FCABAEF-C605-4020-98E7-3604884AC882}.Debug|Any CPU.ActiveCfg = Debug|Any CPU
		{1FCABAEF-C605-4020-98E7-3604884AC882}.Debug|Any CPU.Build.0 = Debug|Any CPU
		{1FCABAEF-C605-4020-98E7-3604884AC882}.Release|Any CPU.ActiveCfg = Release|Any CPU
		{1FCABAEF-C605-4020-98E7-3604884AC882}.Release|Any CPU.Build.0 = Release|Any CPU
	EndGlobalSection
	GlobalSection(SolutionProperties) = preSolution
		HideSolutionNode = FALSE
	EndGlobalSection
	GlobalSection(ExtensibilityGlobals) = postSolution
		SolutionGuid = {52D346AB-A4BE-45F4-BF2B-4431817F7937}
	EndGlobalSection
EndGlobal
